<Solution>
  <Folder Name="/examples/">
    <Project Path="examples/QuickStart/QuickStart.csproj" />
    <Project Path="examples/AgentScope.Client/AgentScope.Client.csproj" />
    <Project Path="examples/AgentScope.Lab/AgentScope.Lab.csproj" />
    <Project Path="examples/AgentScope.Example.HITL/AgentScope.Example.HITL.csproj" />
    <Project Path="examples/AgentScope.Example.StructuredOutput/AgentScope.Example.StructuredOutput.csproj" />
    <Project Path="examples/AgentScope.Example.PromptCaching/AgentScope.Example.PromptCaching.csproj" />
    <Project Path="examples/AgentScope.Example.GLM/AgentScope.Example.GLM.csproj" />
    <Project Path="examples/AgentScope.Example.Kimi/AgentScope.Example.Kimi.csproj" />
  </Folder>
  <Folder Name="/src/">
    <Project Path="src/AgentScope.Core/AgentScope.Core.csproj" />
    <Project Path="src/AgentScope.TUI/AgentScope.TUI.csproj" />
    <Project Path="src/AgentScope.Harness/AgentScope.Harness.csproj" />
    <Project Path="src/AgentScope.Tracing.OpenTelemetry/AgentScope.Tracing.OpenTelemetry.csproj" />
    <Project Path="src/AgentScope.Uno/AgentScope.Uno.csproj" />
    <Project Path="src/AgentScope.Extensions/AgentScope.Extensions.csproj" />
    <Project Path="src/AgentScope.Extensions.Aistio/AgentScope.Extensions.Aistio.csproj" />
    <Project Path="src/AgentScope.Extensions.Higress/AgentScope.Extensions.Higress.csproj" />
    <Project Path="src/AgentScope.Extensions.Studio/AgentScope.Extensions.Studio.csproj" />
    <Project Path="src/AgentScope.Extensions.Training/AgentScope.Extensions.Training.csproj" />
    <Project Path="src/AgentScope.Extensions.Channel.DingTalk/AgentScope.Extensions.Channel.DingTalk.csproj" />
    <Project Path="src/AgentScope.Extensions.Channel.Feishu/AgentScope.Extensions.Channel.Feishu.csproj" />
    <Project Path="src/AgentScope.Extensions.Channel.GitHub/AgentScope.Extensions.Channel.GitHub.csproj" />
    <Project Path="src/AgentScope.Extensions.Channel.GitLab/AgentScope.Extensions.Channel.GitLab.csproj" />
    <Project Path="src/AgentScope.Extensions.Channel.WeCom/AgentScope.Extensions.Channel.WeCom.csproj" />
    <Project Path="src/AgentScope.Extensions.Document.Pdf/AgentScope.Extensions.Document.Pdf.csproj" />
    <Project Path="src/AgentScope.Extensions.Document.Word/AgentScope.Extensions.Document.Word.csproj" />
    <Project Path="src/AgentScope.Extensions.Mem.Bailian/AgentScope.Extensions.Mem.Bailian.csproj" />
    <Project Path="src/AgentScope.Extensions.Mem.Mem0/AgentScope.Extensions.Mem.Mem0.csproj" />
    <Project Path="src/AgentScope.Extensions.Mem.ReMe/AgentScope.Extensions.Mem.ReMe.csproj" />
    <Project Path="src/AgentScope.Extensions.Nacos/AgentScope.Extensions.Nacos.csproj" />
    <Project Path="src/AgentScope.Extensions.Nacos.Prompt/AgentScope.Extensions.Nacos.Prompt.csproj" />
    <Project Path="src/AgentScope.Extensions.Nacos.Skill/AgentScope.Extensions.Nacos.Skill.csproj" />
    <Project Path="src/AgentScope.Extensions.Rag.Bailian/AgentScope.Extensions.Rag.Bailian.csproj" />
    <Project Path="src/AgentScope.Extensions.Rag.Dify/AgentScope.Extensions.Rag.Dify.csproj" />
    <Project Path="src/AgentScope.Extensions.Rag.Haystack/AgentScope.Extensions.Rag.Haystack.csproj" />
    <Project Path="src/AgentScope.Extensions.Rag.RagFlow/AgentScope.Extensions.Rag.RagFlow.csproj" />
    <Project Path="src/AgentScope.Extensions.Sandbox.AgentRun/AgentScope.Extensions.Sandbox.AgentRun.csproj" />
    <Project Path="src/AgentScope.Extensions.Sandbox.Daytona/AgentScope.Extensions.Sandbox.Daytona.csproj" />
    <Project Path="src/AgentScope.Extensions.Sandbox.Docker/AgentScope.Extensions.Sandbox.Docker.csproj" />
    <Project Path="src/AgentScope.Extensions.Sandbox.E2B/AgentScope.Extensions.Sandbox.E2B.csproj" />
    <Project Path="src/AgentScope.Extensions.Sandbox.Kubernetes/AgentScope.Extensions.Sandbox.Kubernetes.csproj" />
    <Project Path="src/AgentScope.Extensions.Scheduler.Quartz/AgentScope.Extensions.Scheduler.Quartz.csproj" />
    <Project Path="src/AgentScope.Extensions.Scheduler.XxlJob/AgentScope.Extensions.Scheduler.XxlJob.csproj" />
    <Project Path="src/AgentScope.Extensions.Skill.Git/AgentScope.Extensions.Skill.Git.csproj" />
    <Project Path="src/AgentScope.Extensions.Skill.MySql/AgentScope.Extensions.Skill.MySql.csproj" />
    <Project Path="src/AgentScope.Extensions.Skill.PostgreSql/AgentScope.Extensions.Skill.PostgreSql.csproj" />
    <Project Path="src/AgentScope.Extensions.Store.Cos/AgentScope.Extensions.Store.Cos.csproj" />
    <Project Path="src/AgentScope.Extensions.Store.MySql/AgentScope.Extensions.Store.MySql.csproj" />
    <Project Path="src/AgentScope.Extensions.Store.Oss/AgentScope.Extensions.Store.Oss.csproj" />
    <Project Path="src/AgentScope.Extensions.Store.PostgreSql/AgentScope.Extensions.Store.PostgreSql.csproj" />
    <Project Path="src/AgentScope.Extensions.Store.Redis/AgentScope.Extensions.Store.Redis.csproj" />
    <Project Path="src/AgentScope.Extensions.Vector.Elasticsearch/AgentScope.Extensions.Vector.Elasticsearch.csproj" />
    <Project Path="src/AgentScope.Extensions.Vector.Milvus/AgentScope.Extensions.Vector.Milvus.csproj" />
    <Project Path="src/AgentScope.Extensions.Vector.PgVector/AgentScope.Extensions.Vector.PgVector.csproj" />
    <Project Path="src/AgentScope.Extensions.Vector.Qdrant/AgentScope.Extensions.Vector.Qdrant.csproj" />
  </Folder>
  <Folder Name="/tests/">
    <Project Path="tests/AgentScope.Core.Tests/AgentScope.Core.Tests.csproj" />
    <Project Path="tests/AgentScope.Integration.Tests/AgentScope.Integration.Tests.csproj" />
  </Folder>
</Solution>
